
Microsoft Visual Studio Solution File, Format Version 11.00
# Visual C# Express 2010
Project("{FAE04EC0-301F-11D3-BF4B-00C04F79EFBC}") = "Zadacha_16_300", "Zadacha_16_300\Zadacha_16_300.csproj", "{E0A0992B-1B9F-41DF-8370-EC05432DBFF0}"
EndProject
Global
	GlobalSection(SolutionConfigurationPlatforms) = preSolution
		Debug|x86 = Debug|x86
		Release|x86 = Release|x86
	EndGlobalSection
	GlobalSection(ProjectConfigurationPlatforms) = postSolution
		{E0A0992B-1B9F-41DF-8370-EC05432DBFF0}.Debug|x86.ActiveCfg = Debug|x86
		{E0A0992B-1B9F-41DF-8370-EC05432DBFF0}.Debug|x86.Build.0 = Debug|x86
		{E0A0992B-1B9F-41DF-8370-EC05432DBFF0}.Release|x86.ActiveCfg = Release|x86
		{E0A0992B-1B9F-41DF-8370-EC05432DBFF0}.Release|x86.Build.0 = Release|x86
	EndGlobalSection
	GlobalSection(SolutionProperties) = preSolution
		HideSolutionNode = FALSE
	EndGlobalSection
EndGlobal
