
Microsoft Visual Studio Solution File, Format Version 11.00
# Visual C# Express 2010
Project("{FAE04EC0-301F-11D3-BF4B-00C04F79EFBC}") = "Zadachi_302", "Zadachi_302\Zadachi_302.csproj", "{28BAA0BD-3255-4F46-BE42-DB91D5714320}"
EndProject
Global
	GlobalSection(SolutionConfigurationPlatforms) = preSolution
		Debug|x86 = Debug|x86
		Release|x86 = Release|x86
	EndGlobalSection
	GlobalSection(ProjectConfigurationPlatforms) = postSolution
		{28BAA0BD-3255-4F46-BE42-DB91D5714320}.Debug|x86.ActiveCfg = Debug|x86
		{28BAA0BD-3255-4F46-BE42-DB91D5714320}.Debug|x86.Build.0 = Debug|x86
		{28BAA0BD-3255-4F46-BE42-DB91D5714320}.Release|x86.ActiveCfg = Release|x86
		{28BAA0BD-3255-4F46-BE42-DB91D5714320}.Release|x86.Build.0 = Release|x86
	EndGlobalSection
	GlobalSection(SolutionProperties) = preSolution
		HideSolutionNode = FALSE
	EndGlobalSection
EndGlobal
