
Microsoft Visual Studio Solution File, Format Version 12.00
# Visual Studio Express 2012 for Windows Desktop
Project("{FAE04EC0-301F-11D3-BF4B-00C04F79EFBC}") = "Zadachi_298", "Zadachi_Semakin_298\Zadachi_298.csproj", "{1EF8E655-383A-4451-9123-4D8DF3E0B912}"
EndProject
Global
	GlobalSection(SolutionConfigurationPlatforms) = preSolution
		Debug|Any CPU = Debug|Any CPU
		Release|Any CPU = Release|Any CPU
	EndGlobalSection
	GlobalSection(ProjectConfigurationPlatforms) = postSolution
		{1EF8E655-383A-4451-9123-4D8DF3E0B912}.Debug|Any CPU.ActiveCfg = Debug|Any CPU
		{1EF8E655-383A-4451-9123-4D8DF3E0B912}.Debug|Any CPU.Build.0 = Debug|Any CPU
		{1EF8E655-383A-4451-9123-4D8DF3E0B912}.Release|Any CPU.ActiveCfg = Release|Any CPU
		{1EF8E655-383A-4451-9123-4D8DF3E0B912}.Release|Any CPU.Build.0 = Release|Any CPU
	EndGlobalSection
	GlobalSection(SolutionProperties) = preSolution
		HideSolutionNode = FALSE
	EndGlobalSection
EndGlobal
